{
  "name": "@connectrpc/connect-node-conformance",
  "lockfileVersion": 3,
  "requires": true,
  "packages": {
    "": {
      "name": "@connectrpc/connect-node-conformance",
      "dependencies": {
        "@bufbuild/protobuf": "1.3.3",
        "@connectrpc/connect": "1.1.2",
        "@connectrpc/connect-node": "1.1.2",
        "node-forge": "^1.3.1"
      }
    },
    "node_modules/@bufbuild/protobuf": {
      "version": "1.3.3",
      "resolved": "https://registry.npmjs.org/@bufbuild/protobuf/-/protobuf-1.3.3.tgz",
      "integrity": "sha512-AoHSiIpTFF97SQgmQni4c+Tyr0CDhkaRaR2qGEJTEbauqQwLRpLrd9yVv//wVHOSxr/b4FJcL54VchhY6710xA=="
    },
    "node_modules/@connectrpc/connect": {
      "version": "1.1.2",
      "resolved": "https://registry.npmjs.org/@connectrpc/connect/-/connect-1.1.2.tgz",
      "integrity": "sha512-oDuKJFRORtzyH4IhZyNgIQ5DKjlDnbP72AH55Aabpc0fwApyus/h4cmYU1KDvahVbqsvUOpd5qUTyMH8IhMmLA==",
      "peerDependencies": {
        "@bufbuild/protobuf": "^1.3.3"
      }
    },
    "node_modules/@connectrpc/connect-node": {
      "version": "1.1.2",
      "resolved": "https://registry.npmjs.org/@connectrpc/connect-node/-/connect-node-1.1.2.tgz",
      "integrity": "sha512-IAwQhh05Qm/T/+ZShEnQz+FFZsr2fbq/DCHhXbmwYjePxvo+kF9YIDkTpVy+vjrV+CwZPBfgOdSaRSJLHUykdg==",
      "dependencies": {
        "undici": "^5.25.4"
      },
      "engines": {
        "node": ">=16.0.0"
      },
      "peerDependencies": {
        "@bufbuild/protobuf": "^1.3.3",
        "@connectrpc/connect": "1.1.2"
      }
    },
    "node_modules/@fastify/busboy": {
      "version": "2.1.0",
      "resolved": "https://registry.npmjs.org/@fastify/busboy/-/busboy-2.1.0.tgz",
      "integrity": "sha512-+KpH+QxZU7O4675t3mnkQKcZZg56u+K/Ct2K+N2AZYNVK8kyeo/bI18tI8aPm3tvNNRyTWfj6s5tnGNlcbQRsA==",
      "engines": {
        "node": ">=14"
      }
    },
    "node_modules/node-forge": {
      "version": "1.3.1",
      "resolved": "https://registry.npmjs.org/node-forge/-/node-forge-1.3.1.tgz",
      "integrity": "sha512-dPEtOeMvF9VMcYV/1Wb8CPoVAXtp6MKMlcbAt4ddqmGqUJ6fQZFXkNZNkNlfevtNkGtaSoXf/vNNNSvgrdXwtA==",
      "engines": {
        "node": ">= 6.13.0"
      }
    },
    "node_modules/undici": {
      "version": "5.27.2",
      "resolved": "https://registry.npmjs.org/undici/-/undici-5.27.2.tgz",
      "integrity": "sha512-iS857PdOEy/y3wlM3yRp+6SNQQ6xU0mmZcwRSriqk+et/cwWAtwmIGf6WkoDN2EK/AMdCO/dfXzIwi+rFMrjjQ==",
      "dependencies": {
        "@fastify/busboy": "^2.0.0"
      },
      "engines": {
        "node": ">=14.0"
      }
    }
  }
}
